
Microsoft Visual Studio Solution File, Format Version 12.00
# Visual Studio 2012
Project("{FAE04EC0-301F-11D3-BF4B-00C04F79EFBC}") = "SPager", "SPager\SPager.csproj", "{CF654629-BBB0-4DBD-91A9-1219C5B327BB}"
EndProject
Global
	GlobalSection(SolutionConfigurationPlatforms) = preSolution
		Debug|Any CPU = Debug|Any CPU
		Release|Any CPU = Release|Any CPU
	EndGlobalSection
	GlobalSection(ProjectConfigurationPlatforms) = postSolution
		{CF654629-BBB0-4DBD-91A9-1219C5B327BB}.Debug|Any CPU.ActiveCfg = Debug|Any CPU
		{CF654629-BBB0-4DBD-91A9-1219C5B327BB}.Debug|Any CPU.Build.0 = Debug|Any CPU
		{CF654629-BBB0-4DBD-91A9-1219C5B327BB}.Release|Any CPU.ActiveCfg = Release|Any CPU
		{CF654629-BBB0-4DBD-91A9-1219C5B327BB}.Release|Any CPU.Build.0 = Release|Any CPU
	EndGlobalSection
	GlobalSection(SolutionProperties) = preSolution
		HideSolutionNode = FALSE
	EndGlobalSection
EndGlobal
